
Microsoft Visual Studio Solution File, Format Version 12.00
# Visual Studio Version 17
VisualStudioVersion = 17.0.32014.148
MinimumVisualStudioVersion = 10.0.40219.1
Project("{FAE04EC0-301F-11D3-BF4B-00C04F79EFBC}") = "WinMailReader", "WinMailReader.csproj", "{255FDD81-A174-487E-9E60-C353D2F5D7A2}"
EndProject
Project("{FAE04EC0-301F-11D3-BF4B-00C04F79EFBC}") = "TCore.StreamEx", "..\liblet\cs\TCore.StreamEx\TCore.StreamEx.csproj", "{A6C31D9E-CA95-4BAA-9B42-7F080DF59067}"
EndProject
Project("{2150E333-8FDC-42A3-9474-1A3956D46DE8}") = "Liblet", "Liblet", "{F5AC6633-3C46-4879-A84E-CEBE5DF83021}"
EndProject
Global
	GlobalSection(SolutionConfigurationPlatforms) = preSolution
		Debug|Any CPU = Debug|Any CPU
		Release|Any CPU = Release|Any CPU
	EndGlobalSection
	GlobalSection(ProjectConfigurationPlatforms) = postSolution
		{255FDD81-A174-487E-9E60-C353D2F5D7A2}.Debug|Any CPU.ActiveCfg = Debug|Any CPU
		{255FDD81-A174-487E-9E60-C353D2F5D7A2}.Debug|Any CPU.Build.0 = Debug|Any CPU
		{255FDD81-A174-487E-9E60-C353D2F5D7A2}.Release|Any CPU.ActiveCfg = Release|Any CPU
		{255FDD81-A174-487E-9E60-C353D2F5D7A2}.Release|Any CPU.Build.0 = Release|Any CPU
		{A6C31D9E-CA95-4BAA-9B42-7F080DF59067}.Debug|Any CPU.ActiveCfg = Debug|Any CPU
		{A6C31D9E-CA95-4BAA-9B42-7F080DF59067}.Debug|Any CPU.Build.0 = Debug|Any CPU
		{A6C31D9E-CA95-4BAA-9B42-7F080DF59067}.Release|Any CPU.ActiveCfg = Release|Any CPU
		{A6C31D9E-CA95-4BAA-9B42-7F080DF59067}.Release|Any CPU.Build.0 = Release|Any CPU
	EndGlobalSection
	GlobalSection(SolutionProperties) = preSolution
		HideSolutionNode = FALSE
	EndGlobalSection
	GlobalSection(NestedProjects) = preSolution
		{A6C31D9E-CA95-4BAA-9B42-7F080DF59067} = {F5AC6633-3C46-4879-A84E-CEBE5DF83021}
	EndGlobalSection
	GlobalSection(ExtensibilityGlobals) = postSolution
		SolutionGuid = {7BA385A9-E05A-4983-808B-9ECBAF8C356C}
	EndGlobalSection
EndGlobal
